// !$*UTF8*$!
{
	archiveVersion = 1;
	classes = {
	};
	objectVersion = 50;
	objects = {

/* Begin PBXBuildFile section */
		FDF761C92499CDD7000B59FE /* AppDelegate.swift in Sources */ = {isa = PBXBuildFile; fileRef = FDF761C82499CDD7000B59FE /* AppDelegate.swift */; };
		FDF761CB2499CDD7000B59FE /* art.scnassets in Resources */ = {isa = PBXBuildFile; fileRef = FDF761CA2499CDD7000B59FE /* art.scnassets */; };
		FDF761CD2499CDD7000B59FE /* ViewController.swift in Sources */ = {isa = PBXBuildFile; fileRef = FDF761CC2499CDD7000B59FE /* ViewController.swift */; };
		FDF761D02499CDD7000B59FE /* Main.storyboard in Resources */ = {isa = PBXBuildFile; fileRef = FDF761CE2499CDD7000B59FE /* Main.storyboard */; };
		FDF761D22499CDD8000B59FE /* Assets.xcassets in Resources */ = {isa = PBXBuildFile; fileRef = FDF761D12499CDD8000B59FE /* Assets.xcassets */; };
		FDF761D52499CDD8000B59FE /* LaunchScreen.storyboard in Resources */ = {isa = PBXBuildFile; fileRef = FDF761D32499CDD8000B59FE /* LaunchScreen.storyboard */; };
/* End PBXBuildFile section */

/* Begin PBXFileReference section */
		FDF761C52499CDD6000B59FE /* ARShots.app */ = {isa = PBXFileReference; explicitFileType = wrapper.application; includeInIndex = 0; path = ARShots.app; sourceTree = BUILT_PRODUCTS_DIR; };
		FDF761C82499CDD7000B59FE /* AppDelegate.swift */ = {isa = PBXFileReference; lastKnownFileType = sourcecode.swift; path = AppDelegate.swift; sourceTree = "<group>"; };
		FDF761CA2499CDD7000B59FE /* art.scnassets */ = {isa = PBXFileReference; lastKnownFileType = wrapper.scnassets; path = art.scnassets; sourceTree = "<group>"; };
		FDF761CC2499CDD7000B59FE /* ViewController.swift */ = {isa = PBXFileReference; lastKnownFileType = sourcecode.swift; path = ViewController.swift; sourceTree = "<group>"; };
		FDF761CF2499CDD7000B59FE /* Base */ = {isa = PBXFileReference; lastKnownFileType = file.storyboard; name = Base; path = Base.lproj/Main.storyboard; sourceTree = "<group>"; };
		FDF761D12499CDD8000B59FE /* Assets.xcassets */ = {isa = PBXFileReference; lastKnownFileType = folder.assetcatalog; path = Assets.xcassets; sourceTree = "<group>"; };
		FDF761D42499CDD8000B59FE /* Base */ = {isa = PBXFileReference; lastKnownFileType = file.storyboard; name = Base; path = Base.lproj/LaunchScreen.storyboard; sourceTree = "<group>"; };
		FDF761D62499CDD8000B59FE /* Info.plist */ = {isa = PBXFileReference; lastKnownFileType = text.plist.xml; path = Info.plist; sourceTree = "<group>"; };
/* End PBXFileReference section */

/* Begin PBXFrameworksBuildPhase section */
		FDF761C22499CDD6000B59FE /* Frameworks */ = {
			isa = PBXFrameworksBuildPhase;
			buildActionMask = 2147483647;
			files = (
			);
			runOnlyForDeploymentPostprocessing = 0;
		};
/* End PBXFrameworksBuildPhase section */

/* Begin PBXGroup section */
		FDF761BC2499CDD6000B59FE = {
			isa = PBXGroup;
			children = (
				FDF761C72499CDD6000B59FE /* ARShots */,
				FDF761C62499CDD6000B59FE /* Products */,
			);
			sourceTree = "<group>";
		};
		FDF761C62499CDD6000B59FE /* Products */ = {
			isa = PBXGroup;
			children = (
				FDF761C52499CDD6000B59FE /* ARShots.app */,
			);
			name = Products;
			sourceTree = "<group>";
		};
		FDF761C72499CDD6000B59FE /* ARShots */ = {
			isa = PBXGroup;
			children = (
				FDF761C82499CDD7000B59FE /* AppDelegate.swift */,
				FDF761CA2499CDD7000B59FE /* art.scnassets */,
				FDF761CC2499CDD7000B59FE /* ViewController.swift */,
				FDF761CE2499CDD7000B59FE /* Main.storyboard */,
				FDF761D12499CDD8000B59FE /* Assets.xcassets */,
				FDF761D32499CDD8000B59FE /* LaunchScreen.storyboard */,
				FDF761D62499CDD8000B59FE /* Info.plist */,
			);
			path = ARShots;
			sourceTree = "<group>";
		};
/* End PBXGroup section */

/* Begin PBXNativeTarget section */
		FDF761C42499CDD6000B59FE /* ARShots */ = {
			isa = PBXNativeTarget;
			buildConfigurationList = FDF761D92499CDD8000B59FE /* Build configuration list for PBXNativeTarget "ARShots" */;
			buildPhases = (
				FDF761C12499CDD6000B59FE /* Sources */,
				FDF761C22499CDD6000B59FE /* Frameworks */,
				FDF761C32499CDD6000B59FE /* Resources */,
			);
			buildRules = (
			);
			dependencies = (
			);
			name = ARShots;
			productName = ARShots;
			productReference = FDF761C52499CDD6000B59FE /* ARShots.app */;
			productType = "com.apple.product-type.application";
		};
/* End PBXNativeTarget section */

/* Begin PBXProject section */
		FDF761BD2499CDD6000B59FE /* Project object */ = {
			isa = PBXProject;
			attributes = {
				LastSwiftUpdateCheck = 1150;
				LastUpgradeCheck = 1150;
				ORGANIZATIONNAME = "Melisa Garcia";
				TargetAttributes = {
					FDF761C42499CDD6000B59FE = {
						CreatedOnToolsVersion = 11.5;
					};
				};
			};
			buildConfigurationList = FDF761C02499CDD6000B59FE /* Build configuration list for PBXProject "ARShots" */;
			compatibilityVersion = "Xcode 9.3";
			developmentRegion = en;
			hasScannedForEncodings = 0;
			knownRegions = (
				en,
				Base,
			);
			mainGroup = FDF761BC2499CDD6000B59FE;
			productRefGroup = FDF761C62499CDD6000B59FE /* Products */;
			projectDirPath = "";
			projectRoot = "";
			targets = (
				FDF761C42499CDD6000B59FE /* ARShots */,
			);
		};
/* End PBXProject section */

/* Begin PBXResourcesBuildPhase section */
		FDF761C32499CDD6000B59FE /* Resources */ = {
			isa = PBXResourcesBuildPhase;
			buildActionMask = 2147483647;
			files = (
				FDF761CB2499CDD7000B59FE /* art.scnassets in Resources */,
				FDF761D52499CDD8000B59FE /* LaunchScreen.storyboard in Resources */,
				FDF761D22499CDD8000B59FE /* Assets.xcassets in Resources */,
				FDF761D02499CDD7000B59FE /* Main.storyboard in Resources */,
			);
			runOnlyForDeploymentPostprocessing = 0;
		};
/* End PBXResourcesBuildPhase section */

/* Begin PBXSourcesBuildPhase section */
		FDF761C12499CDD6000B59FE /* Sources */ = {
			isa = PBXSourcesBuildPhase;
			buildActionMask = 2147483647;
			files = (
				FDF761CD2499CDD7000B59FE /* ViewController.swift in Sources */,
				FDF761C92499CDD7000B59FE /* AppDelegate.swift in Sources */,
			);
			runOnlyForDeploymentPostprocessing = 0;
		};
/* End PBXSourcesBuildPhase section */

/* Begin PBXVariantGroup section */
		FDF761CE2499CDD7000B59FE /* Main.storyboard */ = {
			isa = PBXVariantGroup;
			children = (
				FDF761CF2499CDD7000B59FE /* Base */,
			);
			name = Main.storyboard;
			sourceTree = "<group>";
		};
		FDF761D32499CDD8000B59FE /* LaunchScreen.storyboard */ = {
			isa = PBXVariantGroup;
			children = (
				FDF761D42499CDD8000B59FE /* Base */,
			);
			name = LaunchScreen.storyboard;
			sourceTree = "<group>";
		};
/* End PBXVariantGroup section */

/* Begin XCBuildConfiguration section */
		FDF761D72499CDD8000B59FE /* Debug */ = {
			isa = XCBuildConfiguration;
			buildSettings = {
				ALWAYS_SEARCH_USER_PATHS = NO;
				CLANG_ANALYZER_NONNULL = YES;
				CLANG_ANALYZER_NUMBER_OBJECT_CONVERSION = YES_AGGRESSIVE;
				CLANG_CXX_LANGUAGE_STANDARD = "gnu++14";
				CLANG_CXX_LIBRARY = "libc++";
				CLANG_ENABLE_MODULES = YES;
				CLANG_ENABLE_OBJC_ARC = YES;
				CLANG_ENABLE_OBJC_WEAK = YES;
				CLANG_WARN_BLOCK_CAPTURE_AUTORELEASING = YES;
				CLANG_WARN_BOOL_CONVERSION = YES;
				CLANG_WARN_COMMA = YES;
				CLANG_WARN_CONSTANT_CONVERSION = YES;
				CLANG_WARN_DEPRECATED_OBJC_IMPLEMENTATIONS = YES;
				CLANG_WARN_DIRECT_OBJC_ISA_USAGE = YES_ERROR;
				CLANG_WARN_DOCUMENTATION_COMMENTS = YES;
				CLANG_WARN_EMPTY_BODY = YES;
				CLANG_WARN_ENUM_CONVERSION = YES;
				CLANG_WARN_INFINITE_RECURSION = YES;
				CLANG_WARN_INT_CONVERSION = YES;
				CLANG_WARN_NON_LITERAL_NULL_CONVERSION = YES;
				CLANG_WARN_OBJC_IMPLICIT_RETAIN_SELF = YES;
				CLANG_WARN_OBJC_LITERAL_CONVERSION = YES;
				CLANG_WARN_OBJC_ROOT_CLASS = YES_ERROR;
				CLANG_WARN_RANGE_LOOP_ANALYSIS = YES;
				CLANG_WARN_STRICT_PROTOTYPES = YES;
				CLANG_WARN_SUSPICIOUS_MOVE = YES;
				CLANG_WARN_UNGUARDED_AVAILABILITY = YES_AGGRESSIVE;
				CLANG_WARN_UNREACHABLE_CODE = YES;
				CLANG_WARN__DUPLICATE_METHOD_MATCH = YES;
				COPY_PHASE_STRIP = NO;
				DEBUG_INFORMATION_FORMAT = dwarf;
				ENABLE_STRICT_OBJC_MSGSEND = YES;
				ENABLE_TESTABILITY = YES;
				GCC_C_LANGUAGE_STANDARD = gnu11;
				GCC_DYNAMIC_NO_PIC = NO;
				GCC_NO_COMMON_BLOCKS = YES;
				GCC_OPTIMIZATION_LEVEL = 0;
				GCC_PREPROCESSOR_DEFINITIONS = (
					"DEBUG=1",
					"$(inherited)",
				);
				GCC_WARN_64_TO_32_BIT_CONVERSION = YES;
				GCC_WARN_ABOUT_RETURN_TYPE = YES_ERROR;
				GCC_WARN_UNDECLARED_SELECTOR = YES;
				GCC_WARN_UNINITIALIZED_AUTOS = YES_AGGRESSIVE;
				GCC_WARN_UNUSED_FUNCTION = YES;
				GCC_WARN_UNUSED_VARIABLE = YES;
				IPHONEOS_DEPLOYMENT_TARGET = 13.5;
				MTL_ENABLE_DEBUG_INFO = INCLUDE_SOURCE;
				MTL_FAST_MATH = YES;
				ONLY_ACTIVE_ARCH = YES;
				SDKROOT = iphoneos;
				SWIFT_ACTIVE_COMPILATION_CONDITIONS = DEBUG;
				SWIFT_OPTIMIZATION_LEVEL = "-Onone";
			};
			name = Debug;
		};
		FDF761D82499CDD8000B59FE /* Release */ = {
			isa = XCBuildConfiguration;
			buildSettings = {
				ALWAYS_SEARCH_USER_PATHS = NO;
				CLANG_ANALYZER_NONNULL = YES;
				CLANG_ANALYZER_NUMBER_OBJECT_CONVERSION = YES_AGGRESSIVE;
				CLANG_CXX_LANGUAGE_STANDARD = "gnu++14";
				CLANG_CXX_LIBRARY = "libc++";
				CLANG_ENABLE_MODULES = YES;
				CLANG_ENABLE_OBJC_ARC = YES;
				CLANG_ENABLE_OBJC_WEAK = YES;
				CLANG_WARN_BLOCK_CAPTURE_AUTORELEASING = YES;
				CLANG_WARN_BOOL_CONVERSION = YES;
				CLANG_WARN_COMMA = YES;
				CLANG_WARN_CONSTANT_CONVERSION = YES;
				CLANG_WARN_DEPRECATED_OBJC_IMPLEMENTATIONS = YES;
				CLANG_WARN_DIRECT_OBJC_ISA_USAGE = YES_ERROR;
				CLANG_WARN_DOCUMENTATION_COMMENTS = YES;
				CLANG_WARN_EMPTY_BODY = YES;
				CLANG_WARN_ENUM_CONVERSION = YES;
				CLANG_WARN_INFINITE_RECURSION = YES;
				CLANG_WARN_INT_CONVERSION = YES;
				CLANG_WARN_NON_LITERAL_NULL_CONVERSION = YES;
				CLANG_WARN_OBJC_IMPLICIT_RETAIN_SELF = YES;
				CLANG_WARN_OBJC_LITERAL_CONVERSION = YES;
				CLANG_WARN_OBJC_ROOT_CLASS = YES_ERROR;
				CLANG_WARN_RANGE_LOOP_ANALYSIS = YES;
				CLANG_WARN_STRICT_PROTOTYPES = YES;
				CLANG_WARN_SUSPICIOUS_MOVE = YES;
				CLANG_WARN_UNGUARDED_AVAILABILITY = YES_AGGRESSIVE;
				CLANG_WARN_UNREACHABLE_CODE = YES;
				CLANG_WARN__DUPLICATE_METHOD_MATCH = YES;
				COPY_PHASE_STRIP = NO;
				DEBUG_INFORMATION_FORMAT = "dwarf-with-dsym";
				ENABLE_NS_ASSERTIONS = NO;
				ENABLE_STRICT_OBJC_MSGSEND = YES;
				GCC_C_LANGUAGE_STANDARD = gnu11;
				GCC_NO_COMMON_BLOCKS = YES;
				GCC_WARN_64_TO_32_BIT_CONVERSION = YES;
				GCC_WARN_ABOUT_RETURN_TYPE = YES_ERROR;
				GCC_WARN_UNDECLARED_SELECTOR = YES;
				GCC_WARN_UNINITIALIZED_AUTOS = YES_AGGRESSIVE;
				GCC_WARN_UNUSED_FUNCTION = YES;
				GCC_WARN_UNUSED_VARIABLE = YES;
				IPHONEOS_DEPLOYMENT_TARGET = 13.5;
				MTL_ENABLE_DEBUG_INFO = NO;
				MTL_FAST_MATH = YES;
				SDKROOT = iphoneos;
				SWIFT_COMPILATION_MODE = wholemodule;
				SWIFT_OPTIMIZATION_LEVEL = "-O";
				VALIDATE_PRODUCT = YES;
			};
			name = Release;
		};
		FDF761DA2499CDD8000B59FE /* Debug */ = {
			isa = XCBuildConfiguration;
			buildSettings = {
				ASSETCATALOG_COMPILER_APPICON_NAME = AppIcon;
				CODE_SIGN_STYLE = Automatic;
				DEVELOPMENT_TEAM = AB3A58AD36;
				INFOPLIST_FILE = ARShots/Info.plist;
				LD_RUNPATH_SEARCH_PATHS = (
					"$(inherited)",
					"@executable_path/Frameworks",
				);
				PRODUCT_BUNDLE_IDENTIFIER = com.mgr.ARShots;
				PRODUCT_NAME = "$(TARGET_NAME)";
				SWIFT_VERSION = 5.0;
				TARGETED_DEVICE_FAMILY = "1,2";
			};
			name = Debug;
		};
		FDF761DB2499CDD8000B59FE /* Release */ = {
			isa = XCBuildConfiguration;
			buildSettings = {
				ASSETCATALOG_COMPILER_APPICON_NAME = AppIcon;
				CODE_SIGN_STYLE = Automatic;
				DEVELOPMENT_TEAM = AB3A58AD36;
				INFOPLIST_FILE = ARShots/Info.plist;
				LD_RUNPATH_SEARCH_PATHS = (
					"$(inherited)",
					"@executable_path/Frameworks",
				);
				PRODUCT_BUNDLE_IDENTIFIER = com.mgr.ARShots;
				PRODUCT_NAME = "$(TARGET_NAME)";
				SWIFT_VERSION = 5.0;
				TARGETED_DEVICE_FAMILY = "1,2";
			};
			name = Release;
		};
/* End XCBuildConfiguration section */

/* Begin XCConfigurationList section */
		FDF761C02499CDD6000B59FE /* Build configuration list for PBXProject "ARShots" */ = {
			isa = XCConfigurationList;
			buildConfigurations = (
				FDF761D72499CDD8000B59FE /* Debug */,
				FDF761D82499CDD8000B59FE /* Release */,
			);
			defaultConfigurationIsVisible = 0;
			defaultConfigurationName = Release;
		};
		FDF761D92499CDD8000B59FE /* Build configuration list for PBXNativeTarget "ARShots" */ = {
			isa = XCConfigurationList;
			buildConfigurations = (
				FDF761DA2499CDD8000B59FE /* Debug */,
				FDF761DB2499CDD8000B59FE /* Release */,
			);
			defaultConfigurationIsVisible = 0;
			defaultConfigurationName = Release;
		};
/* End XCConfigurationList section */
	};
	rootObject = FDF761BD2499CDD6000B59FE /* Project object */;
}
