// !$*UTF8*$!
{
	archiveVersion = 1;
	classes = {
	};
	objectVersion = 50;
	objects = {

/* Begin PBXBuildFile section */
		FDF63EDE2493F24C00F8BD93 /* AppDelegate.swift in Sources */ = {isa = PBXBuildFile; fileRef = FDF63EDD2493F24C00F8BD93 /* AppDelegate.swift */; };
		FDF63EE02493F24C00F8BD93 /* art.scnassets in Resources */ = {isa = PBXBuildFile; fileRef = FDF63EDF2493F24C00F8BD93 /* art.scnassets */; };
		FDF63EE22493F24C00F8BD93 /* ViewController.swift in Sources */ = {isa = PBXBuildFile; fileRef = FDF63EE12493F24C00F8BD93 /* ViewController.swift */; };
		FDF63EE52493F24C00F8BD93 /* Main.storyboard in Resources */ = {isa = PBXBuildFile; fileRef = FDF63EE32493F24C00F8BD93 /* Main.storyboard */; };
		FDF63EE72493F24E00F8BD93 /* Assets.xcassets in Resources */ = {isa = PBXBuildFile; fileRef = FDF63EE62493F24E00F8BD93 /* Assets.xcassets */; };
		FDF63EEA2493F24E00F8BD93 /* LaunchScreen.storyboard in Resources */ = {isa = PBXBuildFile; fileRef = FDF63EE82493F24E00F8BD93 /* LaunchScreen.storyboard */; };
/* End PBXBuildFile section */

/* Begin PBXFileReference section */
		FDF63EDA2493F24B00F8BD93 /* ARKit-Template.app */ = {isa = PBXFileReference; explicitFileType = wrapper.application; includeInIndex = 0; path = "ARKit-Template.app"; sourceTree = BUILT_PRODUCTS_DIR; };
		FDF63EDD2493F24C00F8BD93 /* AppDelegate.swift */ = {isa = PBXFileReference; lastKnownFileType = sourcecode.swift; path = AppDelegate.swift; sourceTree = "<group>"; };
		FDF63EDF2493F24C00F8BD93 /* art.scnassets */ = {isa = PBXFileReference; lastKnownFileType = wrapper.scnassets; path = art.scnassets; sourceTree = "<group>"; };
		FDF63EE12493F24C00F8BD93 /* ViewController.swift */ = {isa = PBXFileReference; lastKnownFileType = sourcecode.swift; path = ViewController.swift; sourceTree = "<group>"; };
		FDF63EE42493F24C00F8BD93 /* Base */ = {isa = PBXFileReference; lastKnownFileType = file.storyboard; name = Base; path = Base.lproj/Main.storyboard; sourceTree = "<group>"; };
		FDF63EE62493F24E00F8BD93 /* Assets.xcassets */ = {isa = PBXFileReference; lastKnownFileType = folder.assetcatalog; path = Assets.xcassets; sourceTree = "<group>"; };
		FDF63EE92493F24E00F8BD93 /* Base */ = {isa = PBXFileReference; lastKnownFileType = file.storyboard; name = Base; path = Base.lproj/LaunchScreen.storyboard; sourceTree = "<group>"; };
		FDF63EEB2493F24E00F8BD93 /* Info.plist */ = {isa = PBXFileReference; lastKnownFileType = text.plist.xml; path = Info.plist; sourceTree = "<group>"; };
/* End PBXFileReference section */

/* Begin PBXFrameworksBuildPhase section */
		FDF63ED72493F24B00F8BD93 /* Frameworks */ = {
			isa = PBXFrameworksBuildPhase;
			buildActionMask = 2147483647;
			files = (
			);
			runOnlyForDeploymentPostprocessing = 0;
		};
/* End PBXFrameworksBuildPhase section */

/* Begin PBXGroup section */
		FDF63ED12493F24B00F8BD93 = {
			isa = PBXGroup;
			children = (
				FDF63EDC2493F24B00F8BD93 /* ARKit-Template */,
				FDF63EDB2493F24B00F8BD93 /* Products */,
			);
			sourceTree = "<group>";
		};
		FDF63EDB2493F24B00F8BD93 /* Products */ = {
			isa = PBXGroup;
			children = (
				FDF63EDA2493F24B00F8BD93 /* ARKit-Template.app */,
			);
			name = Products;
			sourceTree = "<group>";
		};
		FDF63EDC2493F24B00F8BD93 /* ARKit-Template */ = {
			isa = PBXGroup;
			children = (
				FDF63EDD2493F24C00F8BD93 /* AppDelegate.swift */,
				FDF63EDF2493F24C00F8BD93 /* art.scnassets */,
				FDF63EE12493F24C00F8BD93 /* ViewController.swift */,
				FDF63EE32493F24C00F8BD93 /* Main.storyboard */,
				FDF63EE62493F24E00F8BD93 /* Assets.xcassets */,
				FDF63EE82493F24E00F8BD93 /* LaunchScreen.storyboard */,
				FDF63EEB2493F24E00F8BD93 /* Info.plist */,
			);
			path = "ARKit-Template";
			sourceTree = "<group>";
		};
/* End PBXGroup section */

/* Begin PBXNativeTarget section */
		FDF63ED92493F24B00F8BD93 /* ARKit-Template */ = {
			isa = PBXNativeTarget;
			buildConfigurationList = FDF63EEE2493F24E00F8BD93 /* Build configuration list for PBXNativeTarget "ARKit-Template" */;
			buildPhases = (
				FDF63ED62493F24B00F8BD93 /* Sources */,
				FDF63ED72493F24B00F8BD93 /* Frameworks */,
				FDF63ED82493F24B00F8BD93 /* Resources */,
			);
			buildRules = (
			);
			dependencies = (
			);
			name = "ARKit-Template";
			productName = "ARKit-Template";
			productReference = FDF63EDA2493F24B00F8BD93 /* ARKit-Template.app */;
			productType = "com.apple.product-type.application";
		};
/* End PBXNativeTarget section */

/* Begin PBXProject section */
		FDF63ED22493F24B00F8BD93 /* Project object */ = {
			isa = PBXProject;
			attributes = {
				LastSwiftUpdateCheck = 1150;
				LastUpgradeCheck = 1150;
				ORGANIZATIONNAME = "Melisa Garcia";
				TargetAttributes = {
					FDF63ED92493F24B00F8BD93 = {
						CreatedOnToolsVersion = 11.5;
					};
				};
			};
			buildConfigurationList = FDF63ED52493F24B00F8BD93 /* Build configuration list for PBXProject "ARKit-Template" */;
			compatibilityVersion = "Xcode 9.3";
			developmentRegion = en;
			hasScannedForEncodings = 0;
			knownRegions = (
				en,
				Base,
			);
			mainGroup = FDF63ED12493F24B00F8BD93;
			productRefGroup = FDF63EDB2493F24B00F8BD93 /* Products */;
			projectDirPath = "";
			projectRoot = "";
			targets = (
				FDF63ED92493F24B00F8BD93 /* ARKit-Template */,
			);
		};
/* End PBXProject section */

/* Begin PBXResourcesBuildPhase section */
		FDF63ED82493F24B00F8BD93 /* Resources */ = {
			isa = PBXResourcesBuildPhase;
			buildActionMask = 2147483647;
			files = (
				FDF63EE02493F24C00F8BD93 /* art.scnassets in Resources */,
				FDF63EEA2493F24E00F8BD93 /* LaunchScreen.storyboard in Resources */,
				FDF63EE72493F24E00F8BD93 /* Assets.xcassets in Resources */,
				FDF63EE52493F24C00F8BD93 /* Main.storyboard in Resources */,
			);
			runOnlyForDeploymentPostprocessing = 0;
		};
/* End PBXResourcesBuildPhase section */

/* Begin PBXSourcesBuildPhase section */
		FDF63ED62493F24B00F8BD93 /* Sources */ = {
			isa = PBXSourcesBuildPhase;
			buildActionMask = 2147483647;
			files = (
				FDF63EE22493F24C00F8BD93 /* ViewController.swift in Sources */,
				FDF63EDE2493F24C00F8BD93 /* AppDelegate.swift in Sources */,
			);
			runOnlyForDeploymentPostprocessing = 0;
		};
/* End PBXSourcesBuildPhase section */

/* Begin PBXVariantGroup section */
		FDF63EE32493F24C00F8BD93 /* Main.storyboard */ = {
			isa = PBXVariantGroup;
			children = (
				FDF63EE42493F24C00F8BD93 /* Base */,
			);
			name = Main.storyboard;
			sourceTree = "<group>";
		};
		FDF63EE82493F24E00F8BD93 /* LaunchScreen.storyboard */ = {
			isa = PBXVariantGroup;
			children = (
				FDF63EE92493F24E00F8BD93 /* Base */,
			);
			name = LaunchScreen.storyboard;
			sourceTree = "<group>";
		};
/* End PBXVariantGroup section */

/* Begin XCBuildConfiguration section */
		FDF63EEC2493F24E00F8BD93 /* Debug */ = {
			isa = XCBuildConfiguration;
			buildSettings = {
				ALWAYS_SEARCH_USER_PATHS = NO;
				CLANG_ANALYZER_NONNULL = YES;
				CLANG_ANALYZER_NUMBER_OBJECT_CONVERSION = YES_AGGRESSIVE;
				CLANG_CXX_LANGUAGE_STANDARD = "gnu++14";
				CLANG_CXX_LIBRARY = "libc++";
				CLANG_ENABLE_MODULES = YES;
				CLANG_ENABLE_OBJC_ARC = YES;
				CLANG_ENABLE_OBJC_WEAK = YES;
				CLANG_WARN_BLOCK_CAPTURE_AUTORELEASING = YES;
				CLANG_WARN_BOOL_CONVERSION = YES;
				CLANG_WARN_COMMA = YES;
				CLANG_WARN_CONSTANT_CONVERSION = YES;
				CLANG_WARN_DEPRECATED_OBJC_IMPLEMENTATIONS = YES;
				CLANG_WARN_DIRECT_OBJC_ISA_USAGE = YES_ERROR;
				CLANG_WARN_DOCUMENTATION_COMMENTS = YES;
				CLANG_WARN_EMPTY_BODY = YES;
				CLANG_WARN_ENUM_CONVERSION = YES;
				CLANG_WARN_INFINITE_RECURSION = YES;
				CLANG_WARN_INT_CONVERSION = YES;
				CLANG_WARN_NON_LITERAL_NULL_CONVERSION = YES;
				CLANG_WARN_OBJC_IMPLICIT_RETAIN_SELF = YES;
				CLANG_WARN_OBJC_LITERAL_CONVERSION = YES;
				CLANG_WARN_OBJC_ROOT_CLASS = YES_ERROR;
				CLANG_WARN_RANGE_LOOP_ANALYSIS = YES;
				CLANG_WARN_STRICT_PROTOTYPES = YES;
				CLANG_WARN_SUSPICIOUS_MOVE = YES;
				CLANG_WARN_UNGUARDED_AVAILABILITY = YES_AGGRESSIVE;
				CLANG_WARN_UNREACHABLE_CODE = YES;
				CLANG_WARN__DUPLICATE_METHOD_MATCH = YES;
				COPY_PHASE_STRIP = NO;
				DEBUG_INFORMATION_FORMAT = dwarf;
				ENABLE_STRICT_OBJC_MSGSEND = YES;
				ENABLE_TESTABILITY = YES;
				GCC_C_LANGUAGE_STANDARD = gnu11;
				GCC_DYNAMIC_NO_PIC = NO;
				GCC_NO_COMMON_BLOCKS = YES;
				GCC_OPTIMIZATION_LEVEL = 0;
				GCC_PREPROCESSOR_DEFINITIONS = (
					"DEBUG=1",
					"$(inherited)",
				);
				GCC_WARN_64_TO_32_BIT_CONVERSION = YES;
				GCC_WARN_ABOUT_RETURN_TYPE = YES_ERROR;
				GCC_WARN_UNDECLARED_SELECTOR = YES;
				GCC_WARN_UNINITIALIZED_AUTOS = YES_AGGRESSIVE;
				GCC_WARN_UNUSED_FUNCTION = YES;
				GCC_WARN_UNUSED_VARIABLE = YES;
				IPHONEOS_DEPLOYMENT_TARGET = 13.5;
				MTL_ENABLE_DEBUG_INFO = INCLUDE_SOURCE;
				MTL_FAST_MATH = YES;
				ONLY_ACTIVE_ARCH = YES;
				SDKROOT = iphoneos;
				SWIFT_ACTIVE_COMPILATION_CONDITIONS = DEBUG;
				SWIFT_OPTIMIZATION_LEVEL = "-Onone";
			};
			name = Debug;
		};
		FDF63EED2493F24E00F8BD93 /* Release */ = {
			isa = XCBuildConfiguration;
			buildSettings = {
				ALWAYS_SEARCH_USER_PATHS = NO;
				CLANG_ANALYZER_NONNULL = YES;
				CLANG_ANALYZER_NUMBER_OBJECT_CONVERSION = YES_AGGRESSIVE;
				CLANG_CXX_LANGUAGE_STANDARD = "gnu++14";
				CLANG_CXX_LIBRARY = "libc++";
				CLANG_ENABLE_MODULES = YES;
				CLANG_ENABLE_OBJC_ARC = YES;
				CLANG_ENABLE_OBJC_WEAK = YES;
				CLANG_WARN_BLOCK_CAPTURE_AUTORELEASING = YES;
				CLANG_WARN_BOOL_CONVERSION = YES;
				CLANG_WARN_COMMA = YES;
				CLANG_WARN_CONSTANT_CONVERSION = YES;
				CLANG_WARN_DEPRECATED_OBJC_IMPLEMENTATIONS = YES;
				CLANG_WARN_DIRECT_OBJC_ISA_USAGE = YES_ERROR;
				CLANG_WARN_DOCUMENTATION_COMMENTS = YES;
				CLANG_WARN_EMPTY_BODY = YES;
				CLANG_WARN_ENUM_CONVERSION = YES;
				CLANG_WARN_INFINITE_RECURSION = YES;
				CLANG_WARN_INT_CONVERSION = YES;
				CLANG_WARN_NON_LITERAL_NULL_CONVERSION = YES;
				CLANG_WARN_OBJC_IMPLICIT_RETAIN_SELF = YES;
				CLANG_WARN_OBJC_LITERAL_CONVERSION = YES;
				CLANG_WARN_OBJC_ROOT_CLASS = YES_ERROR;
				CLANG_WARN_RANGE_LOOP_ANALYSIS = YES;
				CLANG_WARN_STRICT_PROTOTYPES = YES;
				CLANG_WARN_SUSPICIOUS_MOVE = YES;
				CLANG_WARN_UNGUARDED_AVAILABILITY = YES_AGGRESSIVE;
				CLANG_WARN_UNREACHABLE_CODE = YES;
				CLANG_WARN__DUPLICATE_METHOD_MATCH = YES;
				COPY_PHASE_STRIP = NO;
				DEBUG_INFORMATION_FORMAT = "dwarf-with-dsym";
				ENABLE_NS_ASSERTIONS = NO;
				ENABLE_STRICT_OBJC_MSGSEND = YES;
				GCC_C_LANGUAGE_STANDARD = gnu11;
				GCC_NO_COMMON_BLOCKS = YES;
				GCC_WARN_64_TO_32_BIT_CONVERSION = YES;
				GCC_WARN_ABOUT_RETURN_TYPE = YES_ERROR;
				GCC_WARN_UNDECLARED_SELECTOR = YES;
				GCC_WARN_UNINITIALIZED_AUTOS = YES_AGGRESSIVE;
				GCC_WARN_UNUSED_FUNCTION = YES;
				GCC_WARN_UNUSED_VARIABLE = YES;
				IPHONEOS_DEPLOYMENT_TARGET = 13.5;
				MTL_ENABLE_DEBUG_INFO = NO;
				MTL_FAST_MATH = YES;
				SDKROOT = iphoneos;
				SWIFT_COMPILATION_MODE = wholemodule;
				SWIFT_OPTIMIZATION_LEVEL = "-O";
				VALIDATE_PRODUCT = YES;
			};
			name = Release;
		};
		FDF63EEF2493F24E00F8BD93 /* Debug */ = {
			isa = XCBuildConfiguration;
			buildSettings = {
				ASSETCATALOG_COMPILER_APPICON_NAME = AppIcon;
				CODE_SIGN_STYLE = Automatic;
				DEVELOPMENT_TEAM = AB3A58AD36;
				INFOPLIST_FILE = "ARKit-Template/Info.plist";
				LD_RUNPATH_SEARCH_PATHS = (
					"$(inherited)",
					"@executable_path/Frameworks",
				);
				PRODUCT_BUNDLE_IDENTIFIER = "com.mgr.ARKit-Template";
				PRODUCT_NAME = "$(TARGET_NAME)";
				SWIFT_VERSION = 5.0;
				TARGETED_DEVICE_FAMILY = "1,2";
			};
			name = Debug;
		};
		FDF63EF02493F24E00F8BD93 /* Release */ = {
			isa = XCBuildConfiguration;
			buildSettings = {
				ASSETCATALOG_COMPILER_APPICON_NAME = AppIcon;
				CODE_SIGN_STYLE = Automatic;
				DEVELOPMENT_TEAM = AB3A58AD36;
				INFOPLIST_FILE = "ARKit-Template/Info.plist";
				LD_RUNPATH_SEARCH_PATHS = (
					"$(inherited)",
					"@executable_path/Frameworks",
				);
				PRODUCT_BUNDLE_IDENTIFIER = "com.mgr.ARKit-Template";
				PRODUCT_NAME = "$(TARGET_NAME)";
				SWIFT_VERSION = 5.0;
				TARGETED_DEVICE_FAMILY = "1,2";
			};
			name = Release;
		};
/* End XCBuildConfiguration section */

/* Begin XCConfigurationList section */
		FDF63ED52493F24B00F8BD93 /* Build configuration list for PBXProject "ARKit-Template" */ = {
			isa = XCConfigurationList;
			buildConfigurations = (
				FDF63EEC2493F24E00F8BD93 /* Debug */,
				FDF63EED2493F24E00F8BD93 /* Release */,
			);
			defaultConfigurationIsVisible = 0;
			defaultConfigurationName = Release;
		};
		FDF63EEE2493F24E00F8BD93 /* Build configuration list for PBXNativeTarget "ARKit-Template" */ = {
			isa = XCConfigurationList;
			buildConfigurations = (
				FDF63EEF2493F24E00F8BD93 /* Debug */,
				FDF63EF02493F24E00F8BD93 /* Release */,
			);
			defaultConfigurationIsVisible = 0;
			defaultConfigurationName = Release;
		};
/* End XCConfigurationList section */
	};
	rootObject = FDF63ED22493F24B00F8BD93 /* Project object */;
}
